# This file is automatically @generated by Cargo.
# It is not intended for manual editing.
version = 4

[[package]]
name = "hell-builtins"
version = "0.1.0"

[[package]]
name = "hell-ci"
version = "0.1.0"
dependencies = [
 "hell-compiler",
 "hell-source",
 "hell-syntax",
 "hell-testkit",
]

[[package]]
name = "hell-cli"
version = "0.1.0"
dependencies = [
 "hell-builtins",
 "hell-compiler",
 "hell-core",
 "hell-platform",
 "hell-runtime",
]

[[package]]
name = "hell-compiler"
version = "0.1.0"
dependencies = [
 "hell-builtins",
 "hell-core",
 "hell-source",
 "hell-syntax",
 "hell-types",
]

[[package]]
name = "hell-core"
version = "0.1.0"
dependencies = [
 "hell-builtins",
 "hell-source",
 "hell-types",
]

[[package]]
name = "hell-docgen"
version = "0.1.0"
dependencies = [
 "hell-builtins",
]

[[package]]
name = "hell-platform"
version = "0.1.0"
dependencies = [
 "hell-runtime",
]

[[package]]
name = "hell-runtime"
version = "0.1.0"
dependencies = [
 "hell-builtins",
 "hell-compiler",
 "hell-core",
 "hell-source",
 "hell-types",
]

[[package]]
name = "hell-source"
version = "0.1.0"

[[package]]
name = "hell-syntax"
version = "0.1.0"
dependencies = [
 "hell-source",
]

[[package]]
name = "hell-testkit"
version = "0.1.0"
dependencies = [
 "hell-compiler",
 "hell-source",
 "hell-syntax",
]

[[package]]
name = "hell-types"
version = "0.1.0"
